PODS:
  - AESCrypt (0.0.1)
  - AFNetworking (4.0.1):
    - AFNetworking/NSURLSession (= 4.0.1)
    - AFNetworking/Reachability (= 4.0.1)
    - AFNetworking/Security (= 4.0.1)
    - AFNetworking/Serialization (= 4.0.1)
    - AFNetworking/UIKit (= 4.0.1)
  - AFNetworking/NSURLSession (4.0.1):
    - AFNetworking/Reachability
    - AFNetworking/Security
    - AFNetworking/Serialization
  - AFNetworking/Reachability (4.0.1)
  - AFNetworking/Security (4.0.1)
  - AFNetworking/Serialization (4.0.1)
  - AFNetworking/UIKit (4.0.1):
    - AFNetworking/NSURLSession
  - AMap3DMap (7.6.1):
    - AMapFoundation (~> 1.6.3)
  - AMapFoundation (1.6.4)
  - AMapLocation (2.6.7):
    - AMapFoundation (~> 1.6.4)
  - AMapSearch (7.6.0):
    - AMapFoundation (~> 1.6.3)
  - GTMBase64 (1.0.1)
  - IQKeyboardManager (6.5.6)
  - JZLocationConverter (1.0.0)
  - KVOController (1.2.0)
  - Masonry (1.1.0)
  - MBProgressHUD (1.2.0)
  - MJRefresh (3.5.0)
  - NNCategoryPro (4.1.0):
    - GTMBase64
    - IQKeyboardManager
    - NNGloble
    - SDWebImage
  - NNGloble (1.9.0)
  - NNView (1.5.9):
    - Masonry
    - NNCategoryPro
    - NNGloble
    - PPNumberButton
    - SDCycleScrollView
    - TZImagePickerController
  - PPNumberButton (0.8.0)
  - SDCycleScrollView (1.80):
    - SDWebImage (>= 5.0.0)
  - SDWebImage (5.9.3):
    - SDWebImage/Core (= 5.9.3)
  - SDWebImage/Core (5.9.3)
  - SVProgressHUD (2.2.5)
  - Toast (4.0.0)
  - TZImagePickerController (3.4.6)
  - YYCache (1.0.4)
  - YYCategories (1.0.4):
    - YYCategories/no-arc (= 1.0.4)
  - YYCategories/no-arc (1.0.4)
  - YYModel (1.0.4)

DEPENDENCIES:
  - AESCrypt
  - AFNetworking
  - AMap3DMap
  - AMapLocation
  - AMapSearch
  - JZLocationConverter
  - KVOController
  - Masonry
  - MBProgressHUD
  - MJRefresh
  - NNCategoryPro
  - NNGloble
  - NNView
  - SDWebImage
  - SVProgressHUD
  - Toast
  - YYCache
  - YYCategories
  - YYModel

SPEC REPOS:
  trunk:
    - AESCrypt
    - AFNetworking
    - AMap3DMap
    - AMapFoundation
    - AMapLocation
    - AMapSearch
    - GTMBase64
    - IQKeyboardManager
    - JZLocationConverter
    - KVOController
    - Masonry
    - MBProgressHUD
    - MJRefresh
    - NNCategoryPro
    - NNGloble
    - NNView
    - PPNumberButton
    - SDCycleScrollView
    - SDWebImage
    - SVProgressHUD
    - Toast
    - TZImagePickerController
    - YYCache
    - YYCategories
    - YYModel

SPEC CHECKSUMS:
  AESCrypt: 1d89bf8b0789cf274ab2205ea461adbe9321d5f8
  AFNetworking: 7864c38297c79aaca1500c33288e429c3451fdce
  AMap3DMap: 6c4aa01cb309959bc7f18b1ea93df3e072687ff2
  AMapFoundation: 3638198dfa40be54648570c3520edefad288286b
  AMapLocation: a46c30d9930d0f3a3bd21139d8f845d10ac3f01d
  AMapSearch: ea3151e626c91b1ef99ec0ec72afdbdb577e16b2
  GTMBase64: f0f91be06a7a20b84c8e4fee30c0430395091d82
  IQKeyboardManager: 2a6e97afdafc7becf0cb17a9a8d795e3a980717f
  JZLocationConverter: 3d816bee6484aed9c155a6045a02ce444833e2f0
  KVOController: d72ace34afea42468329623b3379ab3cd1d286b6
  Masonry: 678fab65091a9290e40e2832a55e7ab731aad201
  MBProgressHUD: 3ee5efcc380f6a79a7cc9b363dd669c5e1ae7406
  MJRefresh: 6afc955813966afb08305477dd7a0d9ad5e79a16
  NNCategoryPro: 551acc089018c88daa0c868bb1c535be3cae6486
  NNGloble: 292adcd104c1e50d7a10734b01031c7f6c75fcff
  NNView: 896849d02970d715c2f04bc481289340d60193f6
  PPNumberButton: 4442ff64c21d91733057ca1b3dc05fb4df55f2c0
  SDCycleScrollView: b3c9a5ed840c771c4938978174c7c9d9feefeb96
  SDWebImage: a31ee8e90a97303529e03fb0c333eae0eacb88e9
  SVProgressHUD: 1428aafac632c1f86f62aa4243ec12008d7a51d6
  Toast: 91b396c56ee72a5790816f40d3a94dd357abc196
  TZImagePickerController: 3fa8e560e7280191e81cff0dfb921cc490af29e8
  YYCache: 8105b6638f5e849296c71f331ff83891a4942952
  YYCategories: 6bcd4314c6661a561410dce4a793379ebd306abd
  YYModel: 2a7fdd96aaa4b86a824e26d0c517de8928c04b30

PODFILE CHECKSUM: 1986f33f0298272421aa7ecc285a5bf6f42302ce

COCOAPODS: 1.10.0.beta.2
